
Microsoft Visual Studio Solution File, Format Version 12.00
Project("{FAE04EC0-301F-11D3-BF4B-00C04F79EFBC}") = "Assessment.Web", "Assessment.Web\Assessment.Web.csproj", "{5D0E4494-17B2-4499-AE88-B0C09DB50A89}"
EndProject
Project("{FAE04EC0-301F-11D3-BF4B-00C04F79EFBC}") = "Assessment.Infrastructure", "Assessment.Infrastructure\Assessment.Infrastructure.csproj", "{B7F6D7AB-DB7B-4E4E-BDD8-29F8EA010143}"
EndProject
Project("{FAE04EC0-301F-11D3-BF4B-00C04F79EFBC}") = "Assessment.Domain", "Assessment.Domain\Assessment.Domain.csproj", "{C47A3822-2252-4094-B397-13BA073D217A}"
EndProject
Project("{FAE04EC0-301F-11D3-BF4B-00C04F79EFBC}") = "Assessment.Core", "Assessment.Core\Assessment.Core.csproj", "{A5E4837C-00B3-4410-BFC6-0A3495A416A5}"
EndProject
Global
	GlobalSection(SolutionConfigurationPlatforms) = preSolution
		Debug|Any CPU = Debug|Any CPU
		Release|Any CPU = Release|Any CPU
	EndGlobalSection
	GlobalSection(ProjectConfigurationPlatforms) = postSolution
		{5D0E4494-17B2-4499-AE88-B0C09DB50A89}.Debug|Any CPU.ActiveCfg = Debug|Any CPU
		{5D0E4494-17B2-4499-AE88-B0C09DB50A89}.Debug|Any CPU.Build.0 = Debug|Any CPU
		{5D0E4494-17B2-4499-AE88-B0C09DB50A89}.Release|Any CPU.ActiveCfg = Release|Any CPU
		{5D0E4494-17B2-4499-AE88-B0C09DB50A89}.Release|Any CPU.Build.0 = Release|Any CPU
		{B7F6D7AB-DB7B-4E4E-BDD8-29F8EA010143}.Debug|Any CPU.ActiveCfg = Debug|Any CPU
		{B7F6D7AB-DB7B-4E4E-BDD8-29F8EA010143}.Debug|Any CPU.Build.0 = Debug|Any CPU
		{B7F6D7AB-DB7B-4E4E-BDD8-29F8EA010143}.Release|Any CPU.ActiveCfg = Release|Any CPU
		{B7F6D7AB-DB7B-4E4E-BDD8-29F8EA010143}.Release|Any CPU.Build.0 = Release|Any CPU
		{C47A3822-2252-4094-B397-13BA073D217A}.Debug|Any CPU.ActiveCfg = Debug|Any CPU
		{C47A3822-2252-4094-B397-13BA073D217A}.Debug|Any CPU.Build.0 = Debug|Any CPU
		{C47A3822-2252-4094-B397-13BA073D217A}.Release|Any CPU.ActiveCfg = Release|Any CPU
		{C47A3822-2252-4094-B397-13BA073D217A}.Release|Any CPU.Build.0 = Release|Any CPU
		{A5E4837C-00B3-4410-BFC6-0A3495A416A5}.Debug|Any CPU.ActiveCfg = Debug|Any CPU
		{A5E4837C-00B3-4410-BFC6-0A3495A416A5}.Debug|Any CPU.Build.0 = Debug|Any CPU
		{A5E4837C-00B3-4410-BFC6-0A3495A416A5}.Release|Any CPU.ActiveCfg = Release|Any CPU
		{A5E4837C-00B3-4410-BFC6-0A3495A416A5}.Release|Any CPU.Build.0 = Release|Any CPU
	EndGlobalSection
EndGlobal
